PODS:
  - AFNetworking (1.3.3)
  - AFQiniuClient (0.0.1):
    - AFNetworking (~> 1.3)
    - JSONKit
    - MagicKit (~> 0.0.1)
  - JSONKit (1.6)
  - MagicKit (0.0.1)

DEPENDENCIES:
  - AFQiniuClient (~> 0.0.1)
  - JSONKit (from `https://raw.github.com/jstart/Specs/8e68f73dae8a378bc16e9b3891b7df6f5f4357d9/JSONKit/1.6/JSONKit.podspec`)

EXTERNAL SOURCES:
  JSONKit:
    :podspec: https://raw.github.com/jstart/Specs/8e68f73dae8a378bc16e9b3891b7df6f5f4357d9/JSONKit/1.6/JSONKit.podspec

SPEC CHECKSUMS:
  AFNetworking: 61fdd49e2ffe6380378df37b3b6e70630bb9dd66
  AFQiniuClient: a5a59dbdef756da49d4fa55d69c0f806862d8be4
  JSONKit: fcffce5ba89a9e9a7fe38b7f94ce974cd698bedf
  MagicKit: 6f61d6d3dd55f5f5200ff353457756079b0da8cc

COCOAPODS: 0.29.0
